
Microsoft Visual Studio Solution File, Format Version 12.00
Project("{FAE04EC0-301F-11D3-BF4B-00C04F79EFBC}") = "apiBooksDemoVer0", "apiBooksDemoVer0.csproj", "{5413249D-09EF-4920-B729-234B2313D46B}"
EndProject
Global
	GlobalSection(SolutionConfigurationPlatforms) = preSolution
		Debug|Any CPU = Debug|Any CPU
		Release|Any CPU = Release|Any CPU
	EndGlobalSection
	GlobalSection(ProjectConfigurationPlatforms) = postSolution
		{5413249D-09EF-4920-B729-234B2313D46B}.Debug|Any CPU.ActiveCfg = Debug|Any CPU
		{5413249D-09EF-4920-B729-234B2313D46B}.Debug|Any CPU.Build.0 = Debug|Any CPU
		{5413249D-09EF-4920-B729-234B2313D46B}.Release|Any CPU.ActiveCfg = Release|Any CPU
		{5413249D-09EF-4920-B729-234B2313D46B}.Release|Any CPU.Build.0 = Release|Any CPU
	EndGlobalSection
EndGlobal
